
Microsoft Visual Studio Solution File, Format Version 12.00
# Visual Studio Version 17
VisualStudioVersion = 17.9.34728.123
MinimumVisualStudioVersion = 10.0.40219.1
Project("{FAE04EC0-301F-11D3-BF4B-00C04F79EFBC}") = "HelpDeskWebSite", "HelpDeskWebSite\HelpDeskWebSite.csproj", "{23D2B77E-CC9D-4622-A403-7236947ED94E}"
EndProject
Global
	GlobalSection(SolutionConfigurationPlatforms) = preSolution
		Debug|Any CPU = Debug|Any CPU
		Release|Any CPU = Release|Any CPU
	EndGlobalSection
	GlobalSection(ProjectConfigurationPlatforms) = postSolution
		{23D2B77E-CC9D-4622-A403-7236947ED94E}.Debug|Any CPU.ActiveCfg = Debug|Any CPU
		{23D2B77E-CC9D-4622-A403-7236947ED94E}.Debug|Any CPU.Build.0 = Debug|Any CPU
		{23D2B77E-CC9D-4622-A403-7236947ED94E}.Release|Any CPU.ActiveCfg = Release|Any CPU
		{23D2B77E-CC9D-4622-A403-7236947ED94E}.Release|Any CPU.Build.0 = Release|Any CPU
	EndGlobalSection
	GlobalSection(SolutionProperties) = preSolution
		HideSolutionNode = FALSE
	EndGlobalSection
	GlobalSection(ExtensibilityGlobals) = postSolution
		SolutionGuid = {48DA7A67-4C23-4DA1-ACBE-8D7F5617014F}
	EndGlobalSection
EndGlobal
